
Microsoft Visual Studio Solution File, Format Version 12.00
# Visual Studio Version 17
VisualStudioVersion = 17.8.34330.188
MinimumVisualStudioVersion = 10.0.40219.1
Project("{9A19103F-16F7-4668-BE54-9A1E7A4F7556}") = "DotNetElements.CrudExample", "samples\DotNetElements.CrudExample\DotNetElements.CrudExample.csproj", "{5841B4C6-1339-412F-97F4-D17C6E3D3D24}"
EndProject
Project("{9A19103F-16F7-4668-BE54-9A1E7A4F7556}") = "DotNetElements.Core", "src\DotNetElements.Core\DotNetElements.Core.csproj", "{1CEE4FCD-1A35-4365-A6A1-6F05937B4E3A}"
EndProject
Project("{9A19103F-16F7-4668-BE54-9A1E7A4F7556}") = "DotNetElements.Core.Test", "test\DotNetElements.Core.Test\DotNetElements.Core.Test.csproj", "{9BA47821-EBE3-4290-877B-FE75340AE33E}"
EndProject
Project("{FAE04EC0-301F-11D3-BF4B-00C04F79EFBC}") = "DotNetElements.AspNetCore", "src\DotNetElements.AspNetCore\DotNetElements.AspNetCore.csproj", "{83C7E815-7B9F-42A3-AA58-703234B6A4DB}"
EndProject
Global
	GlobalSection(SolutionConfigurationPlatforms) = preSolution
		Debug|Any CPU = Debug|Any CPU
		Release|Any CPU = Release|Any CPU
	EndGlobalSection
	GlobalSection(ProjectConfigurationPlatforms) = postSolution
		{5841B4C6-1339-412F-97F4-D17C6E3D3D24}.Debug|Any CPU.ActiveCfg = Debug|Any CPU
		{5841B4C6-1339-412F-97F4-D17C6E3D3D24}.Debug|Any CPU.Build.0 = Debug|Any CPU
		{5841B4C6-1339-412F-97F4-D17C6E3D3D24}.Release|Any CPU.ActiveCfg = Release|Any CPU
		{5841B4C6-1339-412F-97F4-D17C6E3D3D24}.Release|Any CPU.Build.0 = Release|Any CPU
		{1CEE4FCD-1A35-4365-A6A1-6F05937B4E3A}.Debug|Any CPU.ActiveCfg = Debug|Any CPU
		{1CEE4FCD-1A35-4365-A6A1-6F05937B4E3A}.Debug|Any CPU.Build.0 = Debug|Any CPU
		{1CEE4FCD-1A35-4365-A6A1-6F05937B4E3A}.Release|Any CPU.ActiveCfg = Release|Any CPU
		{1CEE4FCD-1A35-4365-A6A1-6F05937B4E3A}.Release|Any CPU.Build.0 = Release|Any CPU
		{9BA47821-EBE3-4290-877B-FE75340AE33E}.Debug|Any CPU.ActiveCfg = Debug|Any CPU
		{9BA47821-EBE3-4290-877B-FE75340AE33E}.Debug|Any CPU.Build.0 = Debug|Any CPU
		{9BA47821-EBE3-4290-877B-FE75340AE33E}.Release|Any CPU.ActiveCfg = Release|Any CPU
		{9BA47821-EBE3-4290-877B-FE75340AE33E}.Release|Any CPU.Build.0 = Release|Any CPU
		{83C7E815-7B9F-42A3-AA58-703234B6A4DB}.Debug|Any CPU.ActiveCfg = Debug|Any CPU
		{83C7E815-7B9F-42A3-AA58-703234B6A4DB}.Debug|Any CPU.Build.0 = Debug|Any CPU
		{83C7E815-7B9F-42A3-AA58-703234B6A4DB}.Release|Any CPU.ActiveCfg = Release|Any CPU
		{83C7E815-7B9F-42A3-AA58-703234B6A4DB}.Release|Any CPU.Build.0 = Release|Any CPU
	EndGlobalSection
	GlobalSection(SolutionProperties) = preSolution
		HideSolutionNode = FALSE
	EndGlobalSection
	GlobalSection(ExtensibilityGlobals) = postSolution
		SolutionGuid = {563FEF7A-AB48-4C76-AB0B-9F2868FA09F5}
	EndGlobalSection
EndGlobal
