
Microsoft Visual Studio Solution File, Format Version 12.00
# Visual Studio Version 17
VisualStudioVersion = 17.8.34330.188
MinimumVisualStudioVersion = 10.0.40219.1
Project("{9A19103F-16F7-4668-BE54-9A1E7A4F7556}") = "DotNetElements.CrudExample", "samples\DotNetElements.CrudExample\DotNetElements.CrudExample.csproj", "{5841B4C6-1339-412F-97F4-D17C6E3D3D24}"
EndProject
Project("{9A19103F-16F7-4668-BE54-9A1E7A4F7556}") = "DotNetElements.Core", "src\DotNetElements.Core\DotNetElements.Core.csproj", "{1CEE4FCD-1A35-4365-A6A1-6F05937B4E3A}"
EndProject
Project("{9A19103F-16F7-4668-BE54-9A1E7A4F7556}") = "DotNetElements.Core.Test", "test\DotNetElements.Core.Test\DotNetElements.Core.Test.csproj", "{9BA47821-EBE3-4290-877B-FE75340AE33E}"
EndProject
Project("{9A19103F-16F7-4668-BE54-9A1E7A4F7556}") = "DotNetElements.Web.Blazor", "src\DotNetElements.Web.Blazor\DotNetElements.Web.Blazor.csproj", "{E2696A69-29A1-470C-8639-421BFBB498A4}"
EndProject
Project("{9A19103F-16F7-4668-BE54-9A1E7A4F7556}") = "DotNetElements.Web.AspNetCore", "src\DotNetElements.Web.AspNetCore\DotNetElements.Web.AspNetCore.csproj", "{8097E610-C806-44A2-B367-9F7EA4888BEA}"
EndProject
Project("{FAE04EC0-301F-11D3-BF4B-00C04F79EFBC}") = "DotNetElements.Extensions.Icons", "src\DotNetElements.Extensions.Icons\DotNetElements.Extensions.Icons.csproj", "{12509DFE-E26F-4B58-84C3-3E099AD94082}"
EndProject
Project("{FAE04EC0-301F-11D3-BF4B-00C04F79EFBC}") = "DotNetElements.CrudExample.New", "samples\DotNetElements.CrudExample.New\DotNetElements.CrudExample.New.csproj", "{193CD6D5-5848-453C-9212-74C8E49C591A}"
EndProject
Project("{FAE04EC0-301F-11D3-BF4B-00C04F79EFBC}") = "DotNetElements.Core.Test.New", "test\DotNetElements.Core.Test.New\DotNetElements.Core.Test.New.csproj", "{9682F9AA-9C35-46F0-B409-C340E7810068}"
EndProject
Project("{FAE04EC0-301F-11D3-BF4B-00C04F79EFBC}") = "DotNetElements.Core.EntityFramework", "src\DotNetElements.Core.EntityFramework\DotNetElements.Core.EntityFramework.csproj", "{4A8B7E80-A540-4ADD-AFDA-EEAF5025D309}"
EndProject
Project("{FAE04EC0-301F-11D3-BF4B-00C04F79EFBC}") = "DotNetElements.Core.EntityFramework.Shared", "src\DotNetElements.Core.EntityFramework.Shared\DotNetElements.Core.EntityFramework.Shared.csproj", "{A0BE2255-04B9-433D-8373-6EE39790A097}"
EndProject
Project("{FAE04EC0-301F-11D3-BF4B-00C04F79EFBC}") = "DotNetElements.Core.Shared", "src\DotNetElements.Core.Shared\DotNetElements.Core.Shared.csproj", "{CF2E9181-2D12-4C25-8B38-A0F6537B4504}"
EndProject
Project("{FAE04EC0-301F-11D3-BF4B-00C04F79EFBC}") = "DotNetElements.Core.EntityFramework.Example", "src\DotNetElements.Core.EntityFramework.Example\DotNetElements.Core.EntityFramework.Example.csproj", "{BF5DC3E7-EF11-4ABA-9E2C-214562FFAEBF}"
EndProject
Global
	GlobalSection(SolutionConfigurationPlatforms) = preSolution
		Debug|Any CPU = Debug|Any CPU
		Release|Any CPU = Release|Any CPU
	EndGlobalSection
	GlobalSection(ProjectConfigurationPlatforms) = postSolution
		{5841B4C6-1339-412F-97F4-D17C6E3D3D24}.Debug|Any CPU.ActiveCfg = Debug|Any CPU
		{5841B4C6-1339-412F-97F4-D17C6E3D3D24}.Debug|Any CPU.Build.0 = Debug|Any CPU
		{5841B4C6-1339-412F-97F4-D17C6E3D3D24}.Release|Any CPU.ActiveCfg = Release|Any CPU
		{5841B4C6-1339-412F-97F4-D17C6E3D3D24}.Release|Any CPU.Build.0 = Release|Any CPU
		{1CEE4FCD-1A35-4365-A6A1-6F05937B4E3A}.Debug|Any CPU.ActiveCfg = Debug|Any CPU
		{1CEE4FCD-1A35-4365-A6A1-6F05937B4E3A}.Debug|Any CPU.Build.0 = Debug|Any CPU
		{1CEE4FCD-1A35-4365-A6A1-6F05937B4E3A}.Release|Any CPU.ActiveCfg = Release|Any CPU
		{1CEE4FCD-1A35-4365-A6A1-6F05937B4E3A}.Release|Any CPU.Build.0 = Release|Any CPU
		{9BA47821-EBE3-4290-877B-FE75340AE33E}.Debug|Any CPU.ActiveCfg = Debug|Any CPU
		{9BA47821-EBE3-4290-877B-FE75340AE33E}.Debug|Any CPU.Build.0 = Debug|Any CPU
		{9BA47821-EBE3-4290-877B-FE75340AE33E}.Release|Any CPU.ActiveCfg = Release|Any CPU
		{9BA47821-EBE3-4290-877B-FE75340AE33E}.Release|Any CPU.Build.0 = Release|Any CPU
		{E2696A69-29A1-470C-8639-421BFBB498A4}.Debug|Any CPU.ActiveCfg = Debug|Any CPU
		{E2696A69-29A1-470C-8639-421BFBB498A4}.Debug|Any CPU.Build.0 = Debug|Any CPU
		{E2696A69-29A1-470C-8639-421BFBB498A4}.Release|Any CPU.ActiveCfg = Release|Any CPU
		{E2696A69-29A1-470C-8639-421BFBB498A4}.Release|Any CPU.Build.0 = Release|Any CPU
		{8097E610-C806-44A2-B367-9F7EA4888BEA}.Debug|Any CPU.ActiveCfg = Debug|Any CPU
		{8097E610-C806-44A2-B367-9F7EA4888BEA}.Debug|Any CPU.Build.0 = Debug|Any CPU
		{8097E610-C806-44A2-B367-9F7EA4888BEA}.Release|Any CPU.ActiveCfg = Release|Any CPU
		{8097E610-C806-44A2-B367-9F7EA4888BEA}.Release|Any CPU.Build.0 = Release|Any CPU
		{12509DFE-E26F-4B58-84C3-3E099AD94082}.Debug|Any CPU.ActiveCfg = Debug|Any CPU
		{12509DFE-E26F-4B58-84C3-3E099AD94082}.Debug|Any CPU.Build.0 = Debug|Any CPU
		{12509DFE-E26F-4B58-84C3-3E099AD94082}.Release|Any CPU.ActiveCfg = Release|Any CPU
		{12509DFE-E26F-4B58-84C3-3E099AD94082}.Release|Any CPU.Build.0 = Release|Any CPU
		{193CD6D5-5848-453C-9212-74C8E49C591A}.Debug|Any CPU.ActiveCfg = Debug|Any CPU
		{193CD6D5-5848-453C-9212-74C8E49C591A}.Debug|Any CPU.Build.0 = Debug|Any CPU
		{193CD6D5-5848-453C-9212-74C8E49C591A}.Release|Any CPU.ActiveCfg = Release|Any CPU
		{193CD6D5-5848-453C-9212-74C8E49C591A}.Release|Any CPU.Build.0 = Release|Any CPU
		{9682F9AA-9C35-46F0-B409-C340E7810068}.Debug|Any CPU.ActiveCfg = Debug|Any CPU
		{9682F9AA-9C35-46F0-B409-C340E7810068}.Debug|Any CPU.Build.0 = Debug|Any CPU
		{9682F9AA-9C35-46F0-B409-C340E7810068}.Release|Any CPU.ActiveCfg = Release|Any CPU
		{9682F9AA-9C35-46F0-B409-C340E7810068}.Release|Any CPU.Build.0 = Release|Any CPU
		{4A8B7E80-A540-4ADD-AFDA-EEAF5025D309}.Debug|Any CPU.ActiveCfg = Debug|Any CPU
		{4A8B7E80-A540-4ADD-AFDA-EEAF5025D309}.Debug|Any CPU.Build.0 = Debug|Any CPU
		{4A8B7E80-A540-4ADD-AFDA-EEAF5025D309}.Release|Any CPU.ActiveCfg = Release|Any CPU
		{4A8B7E80-A540-4ADD-AFDA-EEAF5025D309}.Release|Any CPU.Build.0 = Release|Any CPU
		{A0BE2255-04B9-433D-8373-6EE39790A097}.Debug|Any CPU.ActiveCfg = Debug|Any CPU
		{A0BE2255-04B9-433D-8373-6EE39790A097}.Debug|Any CPU.Build.0 = Debug|Any CPU
		{A0BE2255-04B9-433D-8373-6EE39790A097}.Release|Any CPU.ActiveCfg = Release|Any CPU
		{A0BE2255-04B9-433D-8373-6EE39790A097}.Release|Any CPU.Build.0 = Release|Any CPU
		{CF2E9181-2D12-4C25-8B38-A0F6537B4504}.Debug|Any CPU.ActiveCfg = Debug|Any CPU
		{CF2E9181-2D12-4C25-8B38-A0F6537B4504}.Debug|Any CPU.Build.0 = Debug|Any CPU
		{CF2E9181-2D12-4C25-8B38-A0F6537B4504}.Release|Any CPU.ActiveCfg = Release|Any CPU
		{CF2E9181-2D12-4C25-8B38-A0F6537B4504}.Release|Any CPU.Build.0 = Release|Any CPU
		{BF5DC3E7-EF11-4ABA-9E2C-214562FFAEBF}.Debug|Any CPU.ActiveCfg = Debug|Any CPU
		{BF5DC3E7-EF11-4ABA-9E2C-214562FFAEBF}.Debug|Any CPU.Build.0 = Debug|Any CPU
		{BF5DC3E7-EF11-4ABA-9E2C-214562FFAEBF}.Release|Any CPU.ActiveCfg = Release|Any CPU
		{BF5DC3E7-EF11-4ABA-9E2C-214562FFAEBF}.Release|Any CPU.Build.0 = Release|Any CPU
	EndGlobalSection
	GlobalSection(SolutionProperties) = preSolution
		HideSolutionNode = FALSE
	EndGlobalSection
	GlobalSection(ExtensibilityGlobals) = postSolution
		SolutionGuid = {563FEF7A-AB48-4C76-AB0B-9F2868FA09F5}
	EndGlobalSection
EndGlobal
